
Microsoft Visual Studio Solution File, Format Version 12.00
# Visual Studio Version 17
VisualStudioVersion = 17.3.32929.385
MinimumVisualStudioVersion = 10.0.40219.1
Project("{8BC9CEB8-8B4A-11D0-8D11-00A0C91BC942}") = "BatteryMonitorControl", "BatteryMonitorControl\BatteryMonitorControl.vcxproj", "{BD5D546E-F254-4347-A4A4-A874EA335129}"
EndProject
Project("{8BC9CEB8-8B4A-11D0-8D11-00A0C91BC942}") = "VrefScaleSetup", "VrefScaleSetup\VrefScaleSetup.vcxproj", "{1226B026-5EAC-40C2-8884-3DF90E683A3C}"
EndProject
Project("{8BC9CEB8-8B4A-11D0-8D11-00A0C91BC942}") = "EEPROM-2.0", "..\..\..\AppData\Local\arduino15\packages\arduino\hardware\avr\1.8.6\libraries\EEPROM\EEPROM-2.0.vcxitems", "{04930C1A-3BA8-4910-8955-FE5EE514970D}"
EndProject
Global
	GlobalSection(SolutionConfigurationPlatforms) = preSolution
		Debug|ARM = Debug|ARM
		Debug|ARM64 = Debug|ARM64
		Debug|x86 = Debug|x86
		Release|ARM = Release|ARM
		Release|ARM64 = Release|ARM64
		Release|x86 = Release|x86
	EndGlobalSection
	GlobalSection(ProjectConfigurationPlatforms) = postSolution
		{BD5D546E-F254-4347-A4A4-A874EA335129}.Debug|ARM.ActiveCfg = Debug|Win32
		{BD5D546E-F254-4347-A4A4-A874EA335129}.Debug|ARM.Build.0 = Debug|Win32
		{BD5D546E-F254-4347-A4A4-A874EA335129}.Debug|ARM64.ActiveCfg = Debug|Win32
		{BD5D546E-F254-4347-A4A4-A874EA335129}.Debug|ARM64.Build.0 = Debug|Win32
		{BD5D546E-F254-4347-A4A4-A874EA335129}.Debug|x86.ActiveCfg = Debug|Win32
		{BD5D546E-F254-4347-A4A4-A874EA335129}.Debug|x86.Build.0 = Debug|Win32
		{BD5D546E-F254-4347-A4A4-A874EA335129}.Release|ARM.ActiveCfg = Release|Win32
		{BD5D546E-F254-4347-A4A4-A874EA335129}.Release|ARM.Build.0 = Release|Win32
		{BD5D546E-F254-4347-A4A4-A874EA335129}.Release|ARM64.ActiveCfg = Release|Win32
		{BD5D546E-F254-4347-A4A4-A874EA335129}.Release|ARM64.Build.0 = Release|Win32
		{BD5D546E-F254-4347-A4A4-A874EA335129}.Release|x86.ActiveCfg = Release|Win32
		{BD5D546E-F254-4347-A4A4-A874EA335129}.Release|x86.Build.0 = Release|Win32
		{1226B026-5EAC-40C2-8884-3DF90E683A3C}.Debug|ARM.ActiveCfg = Debug|ARM
		{1226B026-5EAC-40C2-8884-3DF90E683A3C}.Debug|ARM.Build.0 = Debug|ARM
		{1226B026-5EAC-40C2-8884-3DF90E683A3C}.Debug|ARM.Deploy.0 = Debug|ARM
		{1226B026-5EAC-40C2-8884-3DF90E683A3C}.Debug|ARM64.ActiveCfg = Debug|ARM64
		{1226B026-5EAC-40C2-8884-3DF90E683A3C}.Debug|ARM64.Build.0 = Debug|ARM64
		{1226B026-5EAC-40C2-8884-3DF90E683A3C}.Debug|ARM64.Deploy.0 = Debug|ARM64
		{1226B026-5EAC-40C2-8884-3DF90E683A3C}.Debug|x86.ActiveCfg = Debug|ARM
		{1226B026-5EAC-40C2-8884-3DF90E683A3C}.Debug|x86.Build.0 = Debug|ARM
		{1226B026-5EAC-40C2-8884-3DF90E683A3C}.Debug|x86.Deploy.0 = Debug|ARM
		{1226B026-5EAC-40C2-8884-3DF90E683A3C}.Release|ARM.ActiveCfg = Release|ARM
		{1226B026-5EAC-40C2-8884-3DF90E683A3C}.Release|ARM.Build.0 = Release|ARM
		{1226B026-5EAC-40C2-8884-3DF90E683A3C}.Release|ARM.Deploy.0 = Release|ARM
		{1226B026-5EAC-40C2-8884-3DF90E683A3C}.Release|ARM64.ActiveCfg = Release|ARM64
		{1226B026-5EAC-40C2-8884-3DF90E683A3C}.Release|ARM64.Build.0 = Release|ARM64
		{1226B026-5EAC-40C2-8884-3DF90E683A3C}.Release|ARM64.Deploy.0 = Release|ARM64
		{1226B026-5EAC-40C2-8884-3DF90E683A3C}.Release|x86.ActiveCfg = Release|ARM
		{1226B026-5EAC-40C2-8884-3DF90E683A3C}.Release|x86.Build.0 = Release|ARM
		{1226B026-5EAC-40C2-8884-3DF90E683A3C}.Release|x86.Deploy.0 = Release|ARM
	EndGlobalSection
	GlobalSection(SolutionProperties) = preSolution
		HideSolutionNode = FALSE
	EndGlobalSection
	GlobalSection(ExtensibilityGlobals) = postSolution
		SolutionGuid = {E0EF313F-CB38-45B7-B556-EB9E1947E747}
	EndGlobalSection
	GlobalSection(SharedMSBuildProjectFiles) = preSolution
		..\..\..\AppData\Local\arduino15\packages\arduino\hardware\avr\1.8.6\libraries\EEPROM\EEPROM-2.0.vcxitems*{04930c1a-3ba8-4910-8955-fe5ee514970d}*SharedItemsImports = 9
		..\..\..\AppData\Local\arduino15\packages\arduino\hardware\avr\1.8.6\libraries\EEPROM\EEPROM-2.0.vcxitems*{1226b026-5eac-40c2-8884-3df90e683a3c}*SharedItemsImports = 4
		..\..\..\AppData\Local\arduino15\packages\arduino\hardware\avr\1.8.6\libraries\EEPROM\EEPROM-2.0.vcxitems*{bd5d546e-f254-4347-a4a4-a874ea335129}*SharedItemsImports = 4
	EndGlobalSection
EndGlobal
